
Microsoft Visual Studio Solution File, Format Version 12.00
# Visual Studio Version 17
VisualStudioVersion = 17.6.33829.357
MinimumVisualStudioVersion = 10.0.40219.1
Project("{FAE04EC0-301F-11D3-BF4B-00C04F79EFBC}") = "Animais", "Animais\Animais.csproj", "{9085B5EF-1906-45AC-A191-79C84F38362D}"
EndProject
Global
	GlobalSection(SolutionConfigurationPlatforms) = preSolution
		Debug|Any CPU = Debug|Any CPU
		Release|Any CPU = Release|Any CPU
	EndGlobalSection
	GlobalSection(ProjectConfigurationPlatforms) = postSolution
		{9085B5EF-1906-45AC-A191-79C84F38362D}.Debug|Any CPU.ActiveCfg = Debug|Any CPU
		{9085B5EF-1906-45AC-A191-79C84F38362D}.Debug|Any CPU.Build.0 = Debug|Any CPU
		{9085B5EF-1906-45AC-A191-79C84F38362D}.Release|Any CPU.ActiveCfg = Release|Any CPU
		{9085B5EF-1906-45AC-A191-79C84F38362D}.Release|Any CPU.Build.0 = Release|Any CPU
	EndGlobalSection
	GlobalSection(SolutionProperties) = preSolution
		HideSolutionNode = FALSE
	EndGlobalSection
	GlobalSection(ExtensibilityGlobals) = postSolution
		SolutionGuid = {4E98CCC3-A0BD-433E-8A12-0AFDB88ED18D}
	EndGlobalSection
EndGlobal
